# THIS IS AN AUTOGENERATED FILE. DO NOT EDIT THIS FILE DIRECTLY.
# yarn lockfile v1


postinstall-node-version-check@0.0.3:
  version "0.0.3"
  resolved "https://registry.yarnpkg.com/postinstall-node-version-check/-/postinstall-node-version-check-0.0.3.tgz#b00bef934a312f96693782e54996c338186cbb03"
  integrity sha512-60v79BkURuqvJLCNxTjfhoQ2r6ADQCN/9l/NLrLq+ylxp1uPKPV1UMFtSMjkbW3EvpQLVbZKSINExRLdRCxpnQ==
