# THIS IS AN AUTOGENERATED FILE. DO NOT EDIT THIS FILE DIRECTLY.
# yarn lockfile v1


postinstall-node-version-check@0.2.4:
  version "0.2.4"
  resolved "https://registry.yarnpkg.com/postinstall-node-version-check/-/postinstall-node-version-check-0.2.4.tgz#b7615793b6c3027d094a301911fa65784bf106ac"
  integrity sha512-lF+FyL/SyGvMSEimBBovBO/bygMJegx2Ar3aRnX6cf+12PvOdZ6f8CVVJlAPudo3LtZvROkisqMr3mUsMQi4ow==
